// !$*UTF8*$!
{
	archiveVersion = 1;
	classes = {
	};
	objectVersion = 56;
	objects = {

/* Begin PBXBuildFile section */
		E42126412B306A8C00B5D1E6 /* GeminiMultiturnChatApp.swift in Sources */ = {isa = PBXBuildFile; fileRef = E42126402B306A8C00B5D1E6 /* GeminiMultiturnChatApp.swift */; };
		E42126432B306A8C00B5D1E6 /* MultiturnChatView.swift in Sources */ = {isa = PBXBuildFile; fileRef = E42126422B306A8C00B5D1E6 /* MultiturnChatView.swift */; };
		E42126452B306A8E00B5D1E6 /* Assets.xcassets in Resources */ = {isa = PBXBuildFile; fileRef = E42126442B306A8E00B5D1E6 /* Assets.xcassets */; };
		E42126482B306A8E00B5D1E6 /* Preview Assets.xcassets in Resources */ = {isa = PBXBuildFile; fileRef = E42126472B306A8E00B5D1E6 /* Preview Assets.xcassets */; };
		E42126512B306AA200B5D1E6 /* GenerativeAI-Info.plist in Resources */ = {isa = PBXBuildFile; fileRef = E421264F2B306AA100B5D1E6 /* GenerativeAI-Info.plist */; };
		E42126522B306AA200B5D1E6 /* APIKey.swift in Sources */ = {isa = PBXBuildFile; fileRef = E42126502B306AA100B5D1E6 /* APIKey.swift */; };
		E42126552B306B2300B5D1E6 /* ChatBubbleShape.swift in Sources */ = {isa = PBXBuildFile; fileRef = E42126532B306B2300B5D1E6 /* ChatBubbleShape.swift */; };
		E42126562B306B2300B5D1E6 /* ChatBubble.swift in Sources */ = {isa = PBXBuildFile; fileRef = E42126542B306B2300B5D1E6 /* ChatBubble.swift */; };
		E42126582B306B3C00B5D1E6 /* ChatService.swift in Sources */ = {isa = PBXBuildFile; fileRef = E42126572B306B3C00B5D1E6 /* ChatService.swift */; };
		E421265B2B306E7000B5D1E6 /* GoogleGenerativeAI in Frameworks */ = {isa = PBXBuildFile; productRef = E421265A2B306E7000B5D1E6 /* GoogleGenerativeAI */; };
/* End PBXBuildFile section */

/* Begin PBXFileReference section */
		E421263D2B306A8C00B5D1E6 /* GeminiMultiturnChat.app */ = {isa = PBXFileReference; explicitFileType = wrapper.application; includeInIndex = 0; path = GeminiMultiturnChat.app; sourceTree = BUILT_PRODUCTS_DIR; };
		E42126402B306A8C00B5D1E6 /* GeminiMultiturnChatApp.swift */ = {isa = PBXFileReference; lastKnownFileType = sourcecode.swift; path = GeminiMultiturnChatApp.swift; sourceTree = "<group>"; };
		E42126422B306A8C00B5D1E6 /* MultiturnChatView.swift */ = {isa = PBXFileReference; lastKnownFileType = sourcecode.swift; path = MultiturnChatView.swift; sourceTree = "<group>"; };
		E42126442B306A8E00B5D1E6 /* Assets.xcassets */ = {isa = PBXFileReference; lastKnownFileType = folder.assetcatalog; path = Assets.xcassets; sourceTree = "<group>"; };
		E42126472B306A8E00B5D1E6 /* Preview Assets.xcassets */ = {isa = PBXFileReference; lastKnownFileType = folder.assetcatalog; path = "Preview Assets.xcassets"; sourceTree = "<group>"; };
		E421264F2B306AA100B5D1E6 /* GenerativeAI-Info.plist */ = {isa = PBXFileReference; fileEncoding = 4; lastKnownFileType = text.plist.xml; path = "GenerativeAI-Info.plist"; sourceTree = "<group>"; };
		E42126502B306AA100B5D1E6 /* APIKey.swift */ = {isa = PBXFileReference; fileEncoding = 4; lastKnownFileType = sourcecode.swift; path = APIKey.swift; sourceTree = "<group>"; };
		E42126532B306B2300B5D1E6 /* ChatBubbleShape.swift */ = {isa = PBXFileReference; fileEncoding = 4; lastKnownFileType = sourcecode.swift; path = ChatBubbleShape.swift; sourceTree = "<group>"; };
		E42126542B306B2300B5D1E6 /* ChatBubble.swift */ = {isa = PBXFileReference; fileEncoding = 4; lastKnownFileType = sourcecode.swift; path = ChatBubble.swift; sourceTree = "<group>"; };
		E42126572B306B3C00B5D1E6 /* ChatService.swift */ = {isa = PBXFileReference; fileEncoding = 4; lastKnownFileType = sourcecode.swift; path = ChatService.swift; sourceTree = "<group>"; };
/* End PBXFileReference section */

/* Begin PBXFrameworksBuildPhase section */
		E421263A2B306A8C00B5D1E6 /* Frameworks */ = {
			isa = PBXFrameworksBuildPhase;
			buildActionMask = 2147483647;
			files = (
				E421265B2B306E7000B5D1E6 /* GoogleGenerativeAI in Frameworks */,
			);
			runOnlyForDeploymentPostprocessing = 0;
		};
/* End PBXFrameworksBuildPhase section */

/* Begin PBXGroup section */
		E42126342B306A8B00B5D1E6 = {
			isa = PBXGroup;
			children = (
				E421263F2B306A8C00B5D1E6 /* GeminiMultiturnChat */,
				E421263E2B306A8C00B5D1E6 /* Products */,
			);
			sourceTree = "<group>";
		};
		E421263E2B306A8C00B5D1E6 /* Products */ = {
			isa = PBXGroup;
			children = (
				E421263D2B306A8C00B5D1E6 /* GeminiMultiturnChat.app */,
			);
			name = Products;
			sourceTree = "<group>";
		};
		E421263F2B306A8C00B5D1E6 /* GeminiMultiturnChat */ = {
			isa = PBXGroup;
			children = (
				E42126402B306A8C00B5D1E6 /* GeminiMultiturnChatApp.swift */,
				E42126422B306A8C00B5D1E6 /* MultiturnChatView.swift */,
				E42126572B306B3C00B5D1E6 /* ChatService.swift */,
				E42126542B306B2300B5D1E6 /* ChatBubble.swift */,
				E42126532B306B2300B5D1E6 /* ChatBubbleShape.swift */,
				E421264E2B306AA100B5D1E6 /* Config */,
				E42126442B306A8E00B5D1E6 /* Assets.xcassets */,
				E42126462B306A8E00B5D1E6 /* Preview Content */,
			);
			path = GeminiMultiturnChat;
			sourceTree = "<group>";
		};
		E42126462B306A8E00B5D1E6 /* Preview Content */ = {
			isa = PBXGroup;
			children = (
				E42126472B306A8E00B5D1E6 /* Preview Assets.xcassets */,
			);
			path = "Preview Content";
			sourceTree = "<group>";
		};
		E421264E2B306AA100B5D1E6 /* Config */ = {
			isa = PBXGroup;
			children = (
				E421264F2B306AA100B5D1E6 /* GenerativeAI-Info.plist */,
				E42126502B306AA100B5D1E6 /* APIKey.swift */,
			);
			path = Config;
			sourceTree = "<group>";
		};
/* End PBXGroup section */

/* Begin PBXNativeTarget section */
		E421263C2B306A8C00B5D1E6 /* GeminiMultiturnChat */ = {
			isa = PBXNativeTarget;
			buildConfigurationList = E421264B2B306A8E00B5D1E6 /* Build configuration list for PBXNativeTarget "GeminiMultiturnChat" */;
			buildPhases = (
				E42126392B306A8C00B5D1E6 /* Sources */,
				E421263A2B306A8C00B5D1E6 /* Frameworks */,
				E421263B2B306A8C00B5D1E6 /* Resources */,
			);
			buildRules = (
			);
			dependencies = (
			);
			name = GeminiMultiturnChat;
			packageProductDependencies = (
				E421265A2B306E7000B5D1E6 /* GoogleGenerativeAI */,
			);
			productName = GeminiMultiturnChat;
			productReference = E421263D2B306A8C00B5D1E6 /* GeminiMultiturnChat.app */;
			productType = "com.apple.product-type.application";
		};
/* End PBXNativeTarget section */

/* Begin PBXProject section */
		E42126352B306A8B00B5D1E6 /* Project object */ = {
			isa = PBXProject;
			attributes = {
				BuildIndependentTargetsInParallel = 1;
				LastSwiftUpdateCheck = 1500;
				LastUpgradeCheck = 1500;
				TargetAttributes = {
					E421263C2B306A8C00B5D1E6 = {
						CreatedOnToolsVersion = 15.0;
					};
				};
			};
			buildConfigurationList = E42126382B306A8B00B5D1E6 /* Build configuration list for PBXProject "GeminiMultiturnChat" */;
			compatibilityVersion = "Xcode 14.0";
			developmentRegion = en;
			hasScannedForEncodings = 0;
			knownRegions = (
				en,
				Base,
			);
			mainGroup = E42126342B306A8B00B5D1E6;
			packageReferences = (
				E42126592B306E7000B5D1E6 /* XCRemoteSwiftPackageReference "generative-ai-swift" */,
			);
			productRefGroup = E421263E2B306A8C00B5D1E6 /* Products */;
			projectDirPath = "";
			projectRoot = "";
			targets = (
				E421263C2B306A8C00B5D1E6 /* GeminiMultiturnChat */,
			);
		};
/* End PBXProject section */

/* Begin PBXResourcesBuildPhase section */
		E421263B2B306A8C00B5D1E6 /* Resources */ = {
			isa = PBXResourcesBuildPhase;
			buildActionMask = 2147483647;
			files = (
				E42126482B306A8E00B5D1E6 /* Preview Assets.xcassets in Resources */,
				E42126452B306A8E00B5D1E6 /* Assets.xcassets in Resources */,
				E42126512B306AA200B5D1E6 /* GenerativeAI-Info.plist in Resources */,
			);
			runOnlyForDeploymentPostprocessing = 0;
		};
/* End PBXResourcesBuildPhase section */

/* Begin PBXSourcesBuildPhase section */
		E42126392B306A8C00B5D1E6 /* Sources */ = {
			isa = PBXSourcesBuildPhase;
			buildActionMask = 2147483647;
			files = (
				E42126432B306A8C00B5D1E6 /* MultiturnChatView.swift in Sources */,
				E42126562B306B2300B5D1E6 /* ChatBubble.swift in Sources */,
				E42126552B306B2300B5D1E6 /* ChatBubbleShape.swift in Sources */,
				E42126522B306AA200B5D1E6 /* APIKey.swift in Sources */,
				E42126412B306A8C00B5D1E6 /* GeminiMultiturnChatApp.swift in Sources */,
				E42126582B306B3C00B5D1E6 /* ChatService.swift in Sources */,
			);
			runOnlyForDeploymentPostprocessing = 0;
		};
/* End PBXSourcesBuildPhase section */

/* Begin XCBuildConfiguration section */
		E42126492B306A8E00B5D1E6 /* Debug */ = {
			isa = XCBuildConfiguration;
			buildSettings = {
				ALWAYS_SEARCH_USER_PATHS = NO;
				ASSETCATALOG_COMPILER_GENERATE_SWIFT_ASSET_SYMBOL_EXTENSIONS = YES;
				CLANG_ANALYZER_NONNULL = YES;
				CLANG_ANALYZER_NUMBER_OBJECT_CONVERSION = YES_AGGRESSIVE;
				CLANG_CXX_LANGUAGE_STANDARD = "gnu++20";
				CLANG_ENABLE_MODULES = YES;
				CLANG_ENABLE_OBJC_ARC = YES;
				CLANG_ENABLE_OBJC_WEAK = YES;
				CLANG_WARN_BLOCK_CAPTURE_AUTORELEASING = YES;
				CLANG_WARN_BOOL_CONVERSION = YES;
				CLANG_WARN_COMMA = YES;
				CLANG_WARN_CONSTANT_CONVERSION = YES;
				CLANG_WARN_DEPRECATED_OBJC_IMPLEMENTATIONS = YES;
				CLANG_WARN_DIRECT_OBJC_ISA_USAGE = YES_ERROR;
				CLANG_WARN_DOCUMENTATION_COMMENTS = YES;
				CLANG_WARN_EMPTY_BODY = YES;
				CLANG_WARN_ENUM_CONVERSION = YES;
				CLANG_WARN_INFINITE_RECURSION = YES;
				CLANG_WARN_INT_CONVERSION = YES;
				CLANG_WARN_NON_LITERAL_NULL_CONVERSION = YES;
				CLANG_WARN_OBJC_IMPLICIT_RETAIN_SELF = YES;
				CLANG_WARN_OBJC_LITERAL_CONVERSION = YES;
				CLANG_WARN_OBJC_ROOT_CLASS = YES_ERROR;
				CLANG_WARN_QUOTED_INCLUDE_IN_FRAMEWORK_HEADER = YES;
				CLANG_WARN_RANGE_LOOP_ANALYSIS = YES;
				CLANG_WARN_STRICT_PROTOTYPES = YES;
				CLANG_WARN_SUSPICIOUS_MOVE = YES;
				CLANG_WARN_UNGUARDED_AVAILABILITY = YES_AGGRESSIVE;
				CLANG_WARN_UNREACHABLE_CODE = YES;
				CLANG_WARN__DUPLICATE_METHOD_MATCH = YES;
				COPY_PHASE_STRIP = NO;
				DEBUG_INFORMATION_FORMAT = dwarf;
				ENABLE_STRICT_OBJC_MSGSEND = YES;
				ENABLE_TESTABILITY = YES;
				ENABLE_USER_SCRIPT_SANDBOXING = YES;
				GCC_C_LANGUAGE_STANDARD = gnu17;
				GCC_DYNAMIC_NO_PIC = NO;
				GCC_NO_COMMON_BLOCKS = YES;
				GCC_OPTIMIZATION_LEVEL = 0;
				GCC_PREPROCESSOR_DEFINITIONS = (
					"DEBUG=1",
					"$(inherited)",
				);
				GCC_WARN_64_TO_32_BIT_CONVERSION = YES;
				GCC_WARN_ABOUT_RETURN_TYPE = YES_ERROR;
				GCC_WARN_UNDECLARED_SELECTOR = YES;
				GCC_WARN_UNINITIALIZED_AUTOS = YES_AGGRESSIVE;
				GCC_WARN_UNUSED_FUNCTION = YES;
				GCC_WARN_UNUSED_VARIABLE = YES;
				IPHONEOS_DEPLOYMENT_TARGET = 17.0;
				LOCALIZATION_PREFERS_STRING_CATALOGS = YES;
				MTL_ENABLE_DEBUG_INFO = INCLUDE_SOURCE;
				MTL_FAST_MATH = YES;
				ONLY_ACTIVE_ARCH = YES;
				SDKROOT = iphoneos;
				SWIFT_ACTIVE_COMPILATION_CONDITIONS = "DEBUG $(inherited)";
				SWIFT_OPTIMIZATION_LEVEL = "-Onone";
			};
			name = Debug;
		};
		E421264A2B306A8E00B5D1E6 /* Release */ = {
			isa = XCBuildConfiguration;
			buildSettings = {
				ALWAYS_SEARCH_USER_PATHS = NO;
				ASSETCATALOG_COMPILER_GENERATE_SWIFT_ASSET_SYMBOL_EXTENSIONS = YES;
				CLANG_ANALYZER_NONNULL = YES;
				CLANG_ANALYZER_NUMBER_OBJECT_CONVERSION = YES_AGGRESSIVE;
				CLANG_CXX_LANGUAGE_STANDARD = "gnu++20";
				CLANG_ENABLE_MODULES = YES;
				CLANG_ENABLE_OBJC_ARC = YES;
				CLANG_ENABLE_OBJC_WEAK = YES;
				CLANG_WARN_BLOCK_CAPTURE_AUTORELEASING = YES;
				CLANG_WARN_BOOL_CONVERSION = YES;
				CLANG_WARN_COMMA = YES;
				CLANG_WARN_CONSTANT_CONVERSION = YES;
				CLANG_WARN_DEPRECATED_OBJC_IMPLEMENTATIONS = YES;
				CLANG_WARN_DIRECT_OBJC_ISA_USAGE = YES_ERROR;
				CLANG_WARN_DOCUMENTATION_COMMENTS = YES;
				CLANG_WARN_EMPTY_BODY = YES;
				CLANG_WARN_ENUM_CONVERSION = YES;
				CLANG_WARN_INFINITE_RECURSION = YES;
				CLANG_WARN_INT_CONVERSION = YES;
				CLANG_WARN_NON_LITERAL_NULL_CONVERSION = YES;
				CLANG_WARN_OBJC_IMPLICIT_RETAIN_SELF = YES;
				CLANG_WARN_OBJC_LITERAL_CONVERSION = YES;
				CLANG_WARN_OBJC_ROOT_CLASS = YES_ERROR;
				CLANG_WARN_QUOTED_INCLUDE_IN_FRAMEWORK_HEADER = YES;
				CLANG_WARN_RANGE_LOOP_ANALYSIS = YES;
				CLANG_WARN_STRICT_PROTOTYPES = YES;
				CLANG_WARN_SUSPICIOUS_MOVE = YES;
				CLANG_WARN_UNGUARDED_AVAILABILITY = YES_AGGRESSIVE;
				CLANG_WARN_UNREACHABLE_CODE = YES;
				CLANG_WARN__DUPLICATE_METHOD_MATCH = YES;
				COPY_PHASE_STRIP = NO;
				DEBUG_INFORMATION_FORMAT = "dwarf-with-dsym";
				ENABLE_NS_ASSERTIONS = NO;
				ENABLE_STRICT_OBJC_MSGSEND = YES;
				ENABLE_USER_SCRIPT_SANDBOXING = YES;
				GCC_C_LANGUAGE_STANDARD = gnu17;
				GCC_NO_COMMON_BLOCKS = YES;
				GCC_WARN_64_TO_32_BIT_CONVERSION = YES;
				GCC_WARN_ABOUT_RETURN_TYPE = YES_ERROR;
				GCC_WARN_UNDECLARED_SELECTOR = YES;
				GCC_WARN_UNINITIALIZED_AUTOS = YES_AGGRESSIVE;
				GCC_WARN_UNUSED_FUNCTION = YES;
				GCC_WARN_UNUSED_VARIABLE = YES;
				IPHONEOS_DEPLOYMENT_TARGET = 17.0;
				LOCALIZATION_PREFERS_STRING_CATALOGS = YES;
				MTL_ENABLE_DEBUG_INFO = NO;
				MTL_FAST_MATH = YES;
				SDKROOT = iphoneos;
				SWIFT_COMPILATION_MODE = wholemodule;
				VALIDATE_PRODUCT = YES;
			};
			name = Release;
		};
		E421264C2B306A8E00B5D1E6 /* Debug */ = {
			isa = XCBuildConfiguration;
			buildSettings = {
				ASSETCATALOG_COMPILER_APPICON_NAME = AppIcon;
				ASSETCATALOG_COMPILER_GLOBAL_ACCENT_COLOR_NAME = AccentColor;
				CODE_SIGN_STYLE = Automatic;
				CURRENT_PROJECT_VERSION = 1;
				DEVELOPMENT_ASSET_PATHS = "\"GeminiMultiturnChat/Preview Content\"";
				ENABLE_PREVIEWS = YES;
				GENERATE_INFOPLIST_FILE = YES;
				INFOPLIST_KEY_UIApplicationSceneManifest_Generation = YES;
				INFOPLIST_KEY_UIApplicationSupportsIndirectInputEvents = YES;
				INFOPLIST_KEY_UILaunchScreen_Generation = YES;
				INFOPLIST_KEY_UISupportedInterfaceOrientations_iPad = "UIInterfaceOrientationPortrait UIInterfaceOrientationPortraitUpsideDown UIInterfaceOrientationLandscapeLeft UIInterfaceOrientationLandscapeRight";
				INFOPLIST_KEY_UISupportedInterfaceOrientations_iPhone = "UIInterfaceOrientationPortrait UIInterfaceOrientationLandscapeLeft UIInterfaceOrientationLandscapeRight";
				LD_RUNPATH_SEARCH_PATHS = (
					"$(inherited)",
					"@executable_path/Frameworks",
				);
				MARKETING_VERSION = 1.0;
				PRODUCT_BUNDLE_IDENTIFIER = com.anupdsouza.GeminiMultiturnChat;
				PRODUCT_NAME = "$(TARGET_NAME)";
				SWIFT_EMIT_LOC_STRINGS = YES;
				SWIFT_VERSION = 5.0;
				TARGETED_DEVICE_FAMILY = "1,2";
			};
			name = Debug;
		};
		E421264D2B306A8E00B5D1E6 /* Release */ = {
			isa = XCBuildConfiguration;
			buildSettings = {
				ASSETCATALOG_COMPILER_APPICON_NAME = AppIcon;
				ASSETCATALOG_COMPILER_GLOBAL_ACCENT_COLOR_NAME = AccentColor;
				CODE_SIGN_STYLE = Automatic;
				CURRENT_PROJECT_VERSION = 1;
				DEVELOPMENT_ASSET_PATHS = "\"GeminiMultiturnChat/Preview Content\"";
				ENABLE_PREVIEWS = YES;
				GENERATE_INFOPLIST_FILE = YES;
				INFOPLIST_KEY_UIApplicationSceneManifest_Generation = YES;
				INFOPLIST_KEY_UIApplicationSupportsIndirectInputEvents = YES;
				INFOPLIST_KEY_UILaunchScreen_Generation = YES;
				INFOPLIST_KEY_UISupportedInterfaceOrientations_iPad = "UIInterfaceOrientationPortrait UIInterfaceOrientationPortraitUpsideDown UIInterfaceOrientationLandscapeLeft UIInterfaceOrientationLandscapeRight";
				INFOPLIST_KEY_UISupportedInterfaceOrientations_iPhone = "UIInterfaceOrientationPortrait UIInterfaceOrientationLandscapeLeft UIInterfaceOrientationLandscapeRight";
				LD_RUNPATH_SEARCH_PATHS = (
					"$(inherited)",
					"@executable_path/Frameworks",
				);
				MARKETING_VERSION = 1.0;
				PRODUCT_BUNDLE_IDENTIFIER = com.anupdsouza.GeminiMultiturnChat;
				PRODUCT_NAME = "$(TARGET_NAME)";
				SWIFT_EMIT_LOC_STRINGS = YES;
				SWIFT_VERSION = 5.0;
				TARGETED_DEVICE_FAMILY = "1,2";
			};
			name = Release;
		};
/* End XCBuildConfiguration section */

/* Begin XCConfigurationList section */
		E42126382B306A8B00B5D1E6 /* Build configuration list for PBXProject "GeminiMultiturnChat" */ = {
			isa = XCConfigurationList;
			buildConfigurations = (
				E42126492B306A8E00B5D1E6 /* Debug */,
				E421264A2B306A8E00B5D1E6 /* Release */,
			);
			defaultConfigurationIsVisible = 0;
			defaultConfigurationName = Release;
		};
		E421264B2B306A8E00B5D1E6 /* Build configuration list for PBXNativeTarget "GeminiMultiturnChat" */ = {
			isa = XCConfigurationList;
			buildConfigurations = (
				E421264C2B306A8E00B5D1E6 /* Debug */,
				E421264D2B306A8E00B5D1E6 /* Release */,
			);
			defaultConfigurationIsVisible = 0;
			defaultConfigurationName = Release;
		};
/* End XCConfigurationList section */

/* Begin XCRemoteSwiftPackageReference section */
		E42126592B306E7000B5D1E6 /* XCRemoteSwiftPackageReference "generative-ai-swift" */ = {
			isa = XCRemoteSwiftPackageReference;
			repositoryURL = "https://github.com/google/generative-ai-swift";
			requirement = {
				kind = upToNextMajorVersion;
				minimumVersion = 0.4.4;
			};
		};
/* End XCRemoteSwiftPackageReference section */

/* Begin XCSwiftPackageProductDependency section */
		E421265A2B306E7000B5D1E6 /* GoogleGenerativeAI */ = {
			isa = XCSwiftPackageProductDependency;
			package = E42126592B306E7000B5D1E6 /* XCRemoteSwiftPackageReference "generative-ai-swift" */;
			productName = GoogleGenerativeAI;
		};
/* End XCSwiftPackageProductDependency section */
	};
	rootObject = E42126352B306A8B00B5D1E6 /* Project object */;
}
