{
  "pins" : [
    {
      "identity" : "generative-ai-swift",
      "kind" : "remoteSourceControl",
      "location" : "https://github.com/google/generative-ai-swift",
      "state" : {
        "revision" : "fead3038a70047a72ea2cf39e96d3add71c372de",
        "version" : "0.4.4"
      }
    }
  ],
  "version" : 2
}
