{
  "pins" : [
    {
      "identity" : "generative-ai-swift",
      "kind" : "remoteSourceControl",
      "location" : "https://github.com/google/generative-ai-swift",
      "state" : {
        "revision" : "2b8f14cfd158982fe3b2c8a8582ac3af5743742f",
        "version" : "0.5.5"
      }
    }
  ],
  "version" : 2
}
